
Microsoft Visual Studio Solution File, Format Version 12.00
# Visual Studio Version 16
VisualStudioVersion = 16.0.31410.357
MinimumVisualStudioVersion = 10.0.40219.1
Project("{FAE04EC0-301F-11D3-BF4B-00C04F79EFBC}") = "add array", "add array\add array.csproj", "{985CC1BF-D4ED-4520-BF08-2F3F24C2B1BB}"
EndProject
Global
	GlobalSection(SolutionConfigurationPlatforms) = preSolution
		Debug|Any CPU = Debug|Any CPU
		Release|Any CPU = Release|Any CPU
	EndGlobalSection
	GlobalSection(ProjectConfigurationPlatforms) = postSolution
		{985CC1BF-D4ED-4520-BF08-2F3F24C2B1BB}.Debug|Any CPU.ActiveCfg = Debug|Any CPU
		{985CC1BF-D4ED-4520-BF08-2F3F24C2B1BB}.Debug|Any CPU.Build.0 = Debug|Any CPU
		{985CC1BF-D4ED-4520-BF08-2F3F24C2B1BB}.Release|Any CPU.ActiveCfg = Release|Any CPU
		{985CC1BF-D4ED-4520-BF08-2F3F24C2B1BB}.Release|Any CPU.Build.0 = Release|Any CPU
	EndGlobalSection
	GlobalSection(SolutionProperties) = preSolution
		HideSolutionNode = FALSE
	EndGlobalSection
	GlobalSection(ExtensibilityGlobals) = postSolution
		SolutionGuid = {9FA91783-4E85-4CFA-9B20-B166FCFB8B85}
	EndGlobalSection
EndGlobal
